<?xml version="1.0" encoding="utf-8"?>
<Project ToolsVersion="4.0" xmlns="http://schemas.microsoft.com/developer/msbuild/2003">
  <ItemGroup>
    <ClCompile Include="GameNode.cpp">
      <Filter>API\GameNode</Filter>
    </ClCompile>
    <ClCompile Include="KeyManager.cpp">
      <Filter>API\Manager</Filter>
    </ClCompile>
    <ClCompile Include="WinMain.cpp">
      <Filter>API</Filter>
    </ClCompile>
    <ClCompile Include="Stdafx.cpp">
      <Filter>API\Stdafx</Filter>
    </ClCompile>
    <ClCompile Include="Image.cpp">
      <Filter>API\Image</Filter>
    </ClCompile>
    <ClCompile Include="ImageManager.cpp">
      <Filter>API\Manager</Filter>
    </ClCompile>
    <ClCompile Include="FontManager.cpp">
      <Filter>API\Manager</Filter>
    </ClCompile>
    <ClCompile Include="Utils.cpp">
      <Filter>API\Utility</Filter>
    </ClCompile>
    <ClCompile Include="Timer.cpp">
      <Filter>API\Timer</Filter>
    </ClCompile>
    <ClCompile Include="ProgressBar.cpp">
      <Filter>Portfolio\ProgressBar</Filter>
    </ClCompile>
    <ClCompile Include="TimeManager.cpp">
      <Filter>API\Manager</Filter>
    </ClCompile>
    <ClCompile Include="Animation.cpp">
      <Filter>API\Animation</Filter>
    </ClCompile>
    <ClCompile Include="SceneManager.cpp">
      <Filter>API\Manager</Filter>
    </ClCompile>
    <ClCompile Include="TextDataManager.cpp">
      <Filter>API\Manager</Filter>
    </ClCompile>
    <ClCompile Include="Player.cpp">
      <Filter>Portfolio\Player</Filter>
    </ClCompile>
    <ClCompile Include="Item.cpp">
      <Filter>Portfolio\Store</Filter>
    </ClCompile>
    <ClCompile Include="Store.cpp">
      <Filter>Portfolio\Store</Filter>
    </ClCompile>
    <ClCompile Include="SoundManager.cpp">
      <Filter>API\Manager</Filter>
    </ClCompile>
    <ClCompile Include="JsonSaveLoader.cpp">
      <Filter>Portfolio\JSON\schema</Filter>
    </ClCompile>
    <ClCompile Include="Camera.cpp">
      <Filter>Portfolio\Camera</Filter>
    </ClCompile>
    <ClCompile Include="ImageClass.cpp">
      <Filter>Portfolio\ImageClass</Filter>
    </ClCompile>
    <ClCompile Include="Text.cpp">
      <Filter>Portfolio\Text</Filter>
    </ClCompile>
    <ClCompile Include="MainGame.cpp">
      <Filter>Portfolio\MainGame</Filter>
    </ClCompile>
    <ClCompile Include="MapTileInfo.cpp">
      <Filter>Portfolio\TileMap</Filter>
    </ClCompile>
    <ClCompile Include="Cell.cpp">
      <Filter>Portfolio\TileMap</Filter>
    </ClCompile>
    <ClCompile Include="TitleScene.cpp">
      <Filter>Portfolio\GameScene</Filter>
    </ClCompile>
    <ClCompile Include="MapScene.cpp">
      <Filter>Portfolio\GameScene</Filter>
    </ClCompile>
    <ClCompile Include="Astar.cpp">
      <Filter>Portfolio\A%2a</Filter>
    </ClCompile>
    <ClCompile Include="FirstScene.cpp">
      <Filter>Portfolio\GameScene</Filter>
    </ClCompile>
    <ClCompile Include="EndingScene.cpp">
      <Filter>Portfolio\GameScene</Filter>
    </ClCompile>
    <ClCompile Include="SecondScene.cpp">
      <Filter>Portfolio\GameScene</Filter>
    </ClCompile>
    <ClCompile Include="FinalScene.cpp">
      <Filter>Portfolio\GameScene</Filter>
    </ClCompile>
    <ClCompile Include="TurnSystem.cpp">
      <Filter>Portfolio\TurnSystem</Filter>
    </ClCompile>
    <ClCompile Include="GameUI.cpp">
      <Filter>Portfolio\UI</Filter>
    </ClCompile>
    <ClCompile Include="Saladin.cpp">
      <Filter>Portfolio\Player</Filter>
    </ClCompile>
    <ClCompile Include="AnimationManager.cpp">
      <Filter>API\Manager</Filter>
    </ClCompile>
    <ClCompile Include="Skill.cpp">
      <Filter>Portfolio\Skill</Filter>
    </ClCompile>
    <ClCompile Include="CEffect.cpp">
      <Filter>Portfolio\Effect</Filter>
    </ClCompile>
    <ClCompile Include="EffectManager.cpp">
      <Filter>Portfolio\Effect</Filter>
    </ClCompile>
  </ItemGroup>
  <ItemGroup>
    <ClInclude Include="GameNode.h">
      <Filter>API\GameNode</Filter>
    </ClInclude>
    <ClInclude Include="CommonMacroFunction.h">
      <Filter>API\Utility</Filter>
    </ClInclude>
    <ClInclude Include="RandomFunction.h">
      <Filter>API\Utility</Filter>
    </ClInclude>
    <ClInclude Include="SingletonBase.h">
      <Filter>API\DesignPattern</Filter>
    </ClInclude>
    <ClInclude Include="KeyManager.h">
      <Filter>API\Manager</Filter>
    </ClInclude>
    <ClInclude Include="Stdafx.h">
      <Filter>API\Stdafx</Filter>
    </ClInclude>
    <ClInclude Include="Image.h">
      <Filter>API\Image</Filter>
    </ClInclude>
    <ClInclude Include="ImageManager.h">
      <Filter>API\Manager</Filter>
    </ClInclude>
    <ClInclude Include="FontManager.h">
      <Filter>API\Manager</Filter>
    </ClInclude>
    <ClInclude Include="Utils.h">
      <Filter>API\Utility</Filter>
    </ClInclude>
    <ClInclude Include="Timer.h">
      <Filter>API\Timer</Filter>
    </ClInclude>
    <ClInclude Include="ProgressBar.h">
      <Filter>Portfolio\ProgressBar</Filter>
    </ClInclude>
    <ClInclude Include="TimeManager.h">
      <Filter>API\Manager</Filter>
    </ClInclude>
    <ClInclude Include="Animation.h">
      <Filter>API\Animation</Filter>
    </ClInclude>
    <ClInclude Include="SceneManager.h">
      <Filter>API\Manager</Filter>
    </ClInclude>
    <ClInclude Include="TextDataManager.h">
      <Filter>API\Manager</Filter>
    </ClInclude>
    <ClInclude Include="Player.h">
      <Filter>Portfolio\Player</Filter>
    </ClInclude>
    <ClInclude Include="Item.h">
      <Filter>Portfolio\Store</Filter>
    </ClInclude>
    <ClInclude Include="Store.h">
      <Filter>Portfolio\Store</Filter>
    </ClInclude>
    <ClInclude Include="SoundManager.h">
      <Filter>API\Manager</Filter>
    </ClInclude>
    <ClInclude Include="Camera.h">
      <Filter>Portfolio\Camera</Filter>
    </ClInclude>
    <ClInclude Include="ImageClass.h">
      <Filter>Portfolio\ImageClass</Filter>
    </ClInclude>
    <ClInclude Include="MainGame.h">
      <Filter>Portfolio\MainGame</Filter>
    </ClInclude>
    <ClInclude Include="MapTileInfo.h">
      <Filter>Portfolio\TileMap</Filter>
    </ClInclude>
    <ClInclude Include="Text.h">
      <Filter>Portfolio\Text</Filter>
    </ClInclude>
    <ClInclude Include="JsonSaveLoader.h">
      <Filter>Portfolio\JSON\schema</Filter>
    </ClInclude>
    <ClInclude Include="TitleScene.h">
      <Filter>Portfolio\GameScene</Filter>
    </ClInclude>
    <ClInclude Include="MapScene.h">
      <Filter>Portfolio\GameScene</Filter>
    </ClInclude>
    <ClInclude Include="resource.h" />
    <ClInclude Include="AStar.h">
      <Filter>Portfolio\A%2a</Filter>
    </ClInclude>
    <ClInclude Include="FirstScene.h">
      <Filter>Portfolio\GameScene</Filter>
    </ClInclude>
    <ClInclude Include="EndingScene.h">
      <Filter>Portfolio\GameScene</Filter>
    </ClInclude>
    <ClInclude Include="SecondScene.h">
      <Filter>Portfolio\GameScene</Filter>
    </ClInclude>
    <ClInclude Include="FinalScene.h">
      <Filter>Portfolio\GameScene</Filter>
    </ClInclude>
    <ClInclude Include="TurnSystem.h">
      <Filter>Portfolio\TurnSystem</Filter>
    </ClInclude>
    <ClInclude Include="GameUI.h">
      <Filter>Portfolio\UI</Filter>
    </ClInclude>
    <ClInclude Include="Cell.h">
      <Filter>Portfolio\JSON</Filter>
    </ClInclude>
    <ClInclude Include="Saladin.h">
      <Filter>Portfolio\Player</Filter>
    </ClInclude>
    <ClInclude Include="AnimationManager.h">
      <Filter>API\Manager</Filter>
    </ClInclude>
    <ClInclude Include="Skill.h">
      <Filter>Portfolio\Skill</Filter>
    </ClInclude>
    <ClInclude Include="CEffect.h">
      <Filter>Portfolio\Effect</Filter>
    </ClInclude>
    <ClInclude Include="EffectManager.h">
      <Filter>Portfolio\Effect</Filter>
    </ClInclude>
  </ItemGroup>
  <ItemGroup>
    <Filter Include="API">
      <UniqueIdentifier>{c4cbdbdf-a3f5-443c-a292-314b607bc0e8}</UniqueIdentifier>
    </Filter>
    <Filter Include="API\GameNode">
      <UniqueIdentifier>{67442a1c-806f-41ef-813c-0de14b734860}</UniqueIdentifier>
    </Filter>
    <Filter Include="API\Utility">
      <UniqueIdentifier>{41cc903a-8127-4ab3-aefa-95f747b36e7c}</UniqueIdentifier>
    </Filter>
    <Filter Include="API\DesignPattern">
      <UniqueIdentifier>{ddfcb838-f3d6-435b-bb55-d794a3fddc43}</UniqueIdentifier>
    </Filter>
    <Filter Include="API\Manager">
      <UniqueIdentifier>{fd7088a5-c60e-496b-8bb8-16893861a2aa}</UniqueIdentifier>
    </Filter>
    <Filter Include="API\Stdafx">
      <UniqueIdentifier>{86133b6d-3090-4dfd-9207-7bd41a85c82f}</UniqueIdentifier>
    </Filter>
    <Filter Include="API\Image">
      <UniqueIdentifier>{8d922d20-6355-46b1-8bdb-4e7951c55ed6}</UniqueIdentifier>
    </Filter>
    <Filter Include="API\Timer">
      <UniqueIdentifier>{b94c673f-b8d9-40cd-bbbb-5d108b009938}</UniqueIdentifier>
    </Filter>
    <Filter Include="Portfolio">
      <UniqueIdentifier>{2d2da932-48ee-4669-a446-7e3953c93772}</UniqueIdentifier>
    </Filter>
    <Filter Include="Portfolio\MainGame">
      <UniqueIdentifier>{3659e94e-c15f-4f2a-a005-dd8f48d76e5b}</UniqueIdentifier>
    </Filter>
    <Filter Include="Portfolio\Store">
      <UniqueIdentifier>{da616956-659c-4cc2-9f3c-1886e6c9f3f5}</UniqueIdentifier>
    </Filter>
    <Filter Include="Portfolio\JSON">
      <UniqueIdentifier>{cb8c2fbf-f61c-4fcf-ad8e-ed1897b11b40}</UniqueIdentifier>
    </Filter>
    <Filter Include="Portfolio\JSON\schema">
      <UniqueIdentifier>{ae0371a8-e154-46e3-af96-dc578d0b2e4e}</UniqueIdentifier>
    </Filter>
    <Filter Include="Portfolio\Camera">
      <UniqueIdentifier>{756836a5-9ce4-435c-a130-1305d420f581}</UniqueIdentifier>
    </Filter>
    <Filter Include="Portfolio\Player">
      <UniqueIdentifier>{5cb9168e-f640-42a5-8957-b0b3f38ef300}</UniqueIdentifier>
    </Filter>
    <Filter Include="Portfolio\ProgressBar">
      <UniqueIdentifier>{905cfd2d-6e67-4e37-945e-a6de492133cd}</UniqueIdentifier>
    </Filter>
    <Filter Include="Portfolio\GameScene">
      <UniqueIdentifier>{46d53aaa-e8e1-4e94-8500-377373e87b01}</UniqueIdentifier>
    </Filter>
    <Filter Include="Portfolio\TileMap">
      <UniqueIdentifier>{23ba3c6f-bac0-438f-8f0a-2f69ef265def}</UniqueIdentifier>
    </Filter>
    <Filter Include="Portfolio\ImageClass">
      <UniqueIdentifier>{7f2786f3-080c-48dc-a33c-2b5d2ec973c6}</UniqueIdentifier>
    </Filter>
    <Filter Include="Portfolio\Text">
      <UniqueIdentifier>{06d4b348-5105-41fd-bf35-3683388a9066}</UniqueIdentifier>
    </Filter>
    <Filter Include="Portfolio\UI">
      <UniqueIdentifier>{b5c2e6c0-be59-4879-9ba8-ef6201c68472}</UniqueIdentifier>
    </Filter>
    <Filter Include="API\Animation">
      <UniqueIdentifier>{3248fe14-aa4d-4119-9af6-8a6f638706b2}</UniqueIdentifier>
    </Filter>
    <Filter Include="Portfolio\A%2a">
      <UniqueIdentifier>{c2e60e67-13fa-4bb9-afd3-2554d52d8e05}</UniqueIdentifier>
    </Filter>
    <Filter Include="Portfolio\UI\BattleUI">
      <UniqueIdentifier>{b1eb2d5e-7b2c-4a51-9f0e-5f3621370e2b}</UniqueIdentifier>
    </Filter>
    <Filter Include="Portfolio\UI\MapUI">
      <UniqueIdentifier>{4b27e0f5-bed1-4fde-8e0f-5d82c34487cf}</UniqueIdentifier>
    </Filter>
    <Filter Include="Portfolio\Character">
      <UniqueIdentifier>{e41ec2b4-efce-4d15-b917-39c0635f522b}</UniqueIdentifier>
    </Filter>
    <Filter Include="Portfolio\Skill">
      <UniqueIdentifier>{31ac36bc-a87a-47d5-92dd-1f4b367eb2bd}</UniqueIdentifier>
    </Filter>
    <Filter Include="Portfolio\TurnSystem">
      <UniqueIdentifier>{89794040-647c-4721-a51f-70ab7862a6ab}</UniqueIdentifier>
    </Filter>
    <Filter Include="Portfolio\Effect">
      <UniqueIdentifier>{8cb2d713-0f62-4e0c-a8af-416b21463ce4}</UniqueIdentifier>
    </Filter>
    <Filter Include="Portfolio\SoundClass">
      <UniqueIdentifier>{5cd3fd1c-f904-415f-9dc8-be83bcde24e1}</UniqueIdentifier>
    </Filter>
  </ItemGroup>
  <ItemGroup>
    <None Include="jItem.json">
      <Filter>Portfolio\JSON\schema</Filter>
    </None>
    <None Include="character.json">
      <Filter>Portfolio\JSON\schema</Filter>
    </None>
    <None Include="quest.json">
      <Filter>Portfolio\JSON\schema</Filter>
    </None>
    <None Include="map.json">
      <Filter>Portfolio\JSON</Filter>
    </None>
    <None Include="Script.json">
      <Filter>Portfolio\JSON</Filter>
    </None>
  </ItemGroup>
  <ItemGroup>
    <ResourceCompile Include="WinAPI.rc" />
  </ItemGroup>
</Project>